// !$*UTF8*$!
{
	archiveVersion = 1;
	classes = {
	};
	objectVersion = 46;
	objects = {

/* Begin PBXBuildFile section */
		EB1017AB13B1CF4E00BB1129 /* SerialCommunication.h in Headers */ = {isa = PBXBuildFile; fileRef = EB1017A913B1CF4E00BB1129 /* SerialCommunication.h */; };
		EB1017AC13B1CF4E00BB1129 /* SerialCommunication.m in Sources */ = {isa = PBXBuildFile; fileRef = EB1017AA13B1CF4E00BB1129 /* SerialCommunication.m */; };
		EB10180513B1E27B00BB1129 /* serialCommunication-Prefix.pch in Headers */ = {isa = PBXBuildFile; fileRef = EB10180413B1E27B00BB1129 /* serialCommunication-Prefix.pch */; };
		EB72C66613694CB30044490D /* Foundation.framework in Frameworks */ = {isa = PBXBuildFile; fileRef = EB72C66513694CB30044490D /* Foundation.framework */; };
		EB72C6A113694E110044490D /* Makefile in Sources */ = {isa = PBXBuildFile; fileRef = EB72C69D13694E110044490D /* Makefile */; };
		EB72C6A213694E110044490D /* serial.c in Sources */ = {isa = PBXBuildFile; fileRef = EB72C69F13694E110044490D /* serial.c */; };
		EB72C6A313694E110044490D /* serial.h in Headers */ = {isa = PBXBuildFile; fileRef = EB72C6A013694E110044490D /* serial.h */; };
/* End PBXBuildFile section */

/* Begin PBXFileReference section */
		EB1017A913B1CF4E00BB1129 /* SerialCommunication.h */ = {isa = PBXFileReference; fileEncoding = 4; lastKnownFileType = sourcecode.c.h; name = SerialCommunication.h; path = Classes/SerialCommunication.h; sourceTree = SOURCE_ROOT; };
		EB1017AA13B1CF4E00BB1129 /* SerialCommunication.m */ = {isa = PBXFileReference; fileEncoding = 4; lastKnownFileType = sourcecode.c.objc; name = SerialCommunication.m; path = Classes/SerialCommunication.m; sourceTree = SOURCE_ROOT; };
		EB1017C413B1DD1100BB1129 /* Info.plist */ = {isa = PBXFileReference; fileEncoding = 4; lastKnownFileType = text.plist.xml; path = Info.plist; sourceTree = SOURCE_ROOT; };
		EB10180413B1E27B00BB1129 /* serialCommunication-Prefix.pch */ = {isa = PBXFileReference; fileEncoding = 4; lastKnownFileType = sourcecode.c.h; path = "serialCommunication-Prefix.pch"; sourceTree = "<group>"; };
		EB72C66213694CB30044490D /* libserialCommunication.a */ = {isa = PBXFileReference; explicitFileType = archive.ar; includeInIndex = 0; path = libserialCommunication.a; sourceTree = BUILT_PRODUCTS_DIR; };
		EB72C66513694CB30044490D /* Foundation.framework */ = {isa = PBXFileReference; lastKnownFileType = wrapper.framework; name = Foundation.framework; path = System/Library/Frameworks/Foundation.framework; sourceTree = SDKROOT; };
		EB72C67013694CB30044490D /* UIKit.framework */ = {isa = PBXFileReference; lastKnownFileType = wrapper.framework; name = UIKit.framework; path = System/Library/Frameworks/UIKit.framework; sourceTree = SDKROOT; };
		EB72C67313694CB30044490D /* CoreGraphics.framework */ = {isa = PBXFileReference; lastKnownFileType = wrapper.framework; name = CoreGraphics.framework; path = System/Library/Frameworks/CoreGraphics.framework; sourceTree = SDKROOT; };
		EB72C69D13694E110044490D /* Makefile */ = {isa = PBXFileReference; fileEncoding = 4; lastKnownFileType = sourcecode.make; name = Makefile; path = Serial/Makefile; sourceTree = SOURCE_ROOT; };
		EB72C69E13694E110044490D /* serial */ = {isa = PBXFileReference; lastKnownFileType = "compiled.mach-o.executable"; name = serial; path = Serial/serial; sourceTree = SOURCE_ROOT; };
		EB72C69F13694E110044490D /* serial.c */ = {isa = PBXFileReference; fileEncoding = 4; lastKnownFileType = sourcecode.c.c; name = serial.c; path = Serial/serial.c; sourceTree = SOURCE_ROOT; };
		EB72C6A013694E110044490D /* serial.h */ = {isa = PBXFileReference; fileEncoding = 4; lastKnownFileType = sourcecode.c.h; name = serial.h; path = Serial/serial.h; sourceTree = SOURCE_ROOT; };
/* End PBXFileReference section */

/* Begin PBXFrameworksBuildPhase section */
		EB72C65F13694CB30044490D /* Frameworks */ = {
			isa = PBXFrameworksBuildPhase;
			buildActionMask = 2147483647;
			files = (
				EB72C66613694CB30044490D /* Foundation.framework in Frameworks */,
			);
			runOnlyForDeploymentPostprocessing = 0;
		};
/* End PBXFrameworksBuildPhase section */

/* Begin PBXGroup section */
		EB1017C313B1DCF100BB1129 /* Resources */ = {
			isa = PBXGroup;
			children = (
				EB1017C413B1DD1100BB1129 /* Info.plist */,
			);
			name = Resources;
			path = serialInput;
			sourceTree = "<group>";
		};
		EB72C65713694CB20044490D = {
			isa = PBXGroup;
			children = (
				EB10180413B1E27B00BB1129 /* serialCommunication-Prefix.pch */,
				EB1017C313B1DCF100BB1129 /* Resources */,
				EB72C69C13694DFA0044490D /* serial */,
				EB72C68E13694CDA0044490D /* classes */,
				EB72C66413694CB30044490D /* Frameworks */,
				EB72C66313694CB30044490D /* Products */,
			);
			sourceTree = "<group>";
		};
		EB72C66313694CB30044490D /* Products */ = {
			isa = PBXGroup;
			children = (
				EB72C66213694CB30044490D /* libserialCommunication.a */,
			);
			name = Products;
			sourceTree = "<group>";
		};
		EB72C66413694CB30044490D /* Frameworks */ = {
			isa = PBXGroup;
			children = (
				EB72C66513694CB30044490D /* Foundation.framework */,
				EB72C67013694CB30044490D /* UIKit.framework */,
				EB72C67313694CB30044490D /* CoreGraphics.framework */,
			);
			name = Frameworks;
			sourceTree = "<group>";
		};
		EB72C68E13694CDA0044490D /* classes */ = {
			isa = PBXGroup;
			children = (
				EB1017A913B1CF4E00BB1129 /* SerialCommunication.h */,
				EB1017AA13B1CF4E00BB1129 /* SerialCommunication.m */,
			);
			name = classes;
			path = serialInputTests;
			sourceTree = "<group>";
		};
		EB72C69C13694DFA0044490D /* serial */ = {
			isa = PBXGroup;
			children = (
				EB72C69D13694E110044490D /* Makefile */,
				EB72C69E13694E110044490D /* serial */,
				EB72C69F13694E110044490D /* serial.c */,
				EB72C6A013694E110044490D /* serial.h */,
			);
			name = serial;
			path = serialInput;
			sourceTree = "<group>";
		};
/* End PBXGroup section */

/* Begin PBXHeadersBuildPhase section */
		EB72C66013694CB30044490D /* Headers */ = {
			isa = PBXHeadersBuildPhase;
			buildActionMask = 2147483647;
			files = (
				EB72C6A313694E110044490D /* serial.h in Headers */,
				EB1017AB13B1CF4E00BB1129 /* SerialCommunication.h in Headers */,
				EB10180513B1E27B00BB1129 /* serialCommunication-Prefix.pch in Headers */,
			);
			runOnlyForDeploymentPostprocessing = 0;
		};
/* End PBXHeadersBuildPhase section */

/* Begin PBXNativeTarget section */
		EB72C66113694CB30044490D /* serialCommunication */ = {
			isa = PBXNativeTarget;
			buildConfigurationList = EB72C68513694CB30044490D /* Build configuration list for PBXNativeTarget "serialCommunication" */;
			buildPhases = (
				EB72C65E13694CB30044490D /* Sources */,
				EB72C65F13694CB30044490D /* Frameworks */,
				EB72C66013694CB30044490D /* Headers */,
				EB1017C513B1DD6300BB1129 /* ShellScript */,
			);
			buildRules = (
			);
			dependencies = (
			);
			name = serialCommunication;
			productName = serialInput;
			productReference = EB72C66213694CB30044490D /* libserialCommunication.a */;
			productType = "com.apple.product-type.library.static";
		};
/* End PBXNativeTarget section */

/* Begin PBXProject section */
		EB72C65913694CB20044490D /* Project object */ = {
			isa = PBXProject;
			buildConfigurationList = EB72C65C13694CB20044490D /* Build configuration list for PBXProject "serialCommunication" */;
			compatibilityVersion = "Xcode 3.2";
			developmentRegion = English;
			hasScannedForEncodings = 0;
			knownRegions = (
				en,
			);
			mainGroup = EB72C65713694CB20044490D;
			productRefGroup = EB72C66313694CB30044490D /* Products */;
			projectDirPath = "";
			projectRoot = "";
			targets = (
				EB72C66113694CB30044490D /* serialCommunication */,
			);
		};
/* End PBXProject section */

/* Begin PBXShellScriptBuildPhase section */
		EB1017C513B1DD6300BB1129 /* ShellScript */ = {
			isa = PBXShellScriptBuildPhase;
			buildActionMask = 2147483647;
			files = (
			);
			inputPaths = (
			);
			outputPaths = (
			);
			runOnlyForDeploymentPostprocessing = 0;
			shellPath = /bin/sh;
			shellScript = "#--------------------------------------------------------------------\necho \"[0] Framework: Preparing ...\"\n#--------------------------------------------------------------------\nFRAMEWORK_NAME=$(/usr/libexec/PlistBuddy -c \"Print CFBundleName\" Info.plist)\nBUILD_TARGET_NAME=$FRAMEWORK_NAME\nFRAMEWORK_VERSION_NUMBER=$(/usr/libexec/PlistBuddy -c \"Print CFBundleShortVersionString\" Info.plist)\nFRAMEWORK_VERSION=A\nFRAMEWORK_BUILD_PATH=\"DerivedData/${BUILD_TARGET_NAME}/Build/Products/${BUILD_STYLE}-framework\"\nFRAMEWORK_DIR=\"${FRAMEWORK_BUILD_PATH}/${FRAMEWORK_NAME}.framework\"\nPACKAGENAME=\"${FRAMEWORK_NAME}.${FRAMEWORK_VERSION_NUMBER}.zip\"\n\n\necho \"Framework: Cleaning framework...\"\n[ -d \"${FRAMEWORK_BUILD_PATH}\" ] && rm -rf \"${FRAMEWORK_BUILD_PATH}\"\n\n#--------------------------------------------------------------------\necho \"[1] Framework: Setting up directories...\"\n#--------------------------------------------------------------------\nmkdir -p ${FRAMEWORK_DIR}\nmkdir -p ${FRAMEWORK_DIR}/Versions\nmkdir -p ${FRAMEWORK_DIR}/Versions/${FRAMEWORK_VERSION}\nmkdir -p ${FRAMEWORK_DIR}/Versions/${FRAMEWORK_VERSION}/Resources\nmkdir -p ${FRAMEWORK_DIR}/Versions/${FRAMEWORK_VERSION}/Headers\n\n#--------------------------------------------------------------------\necho \"[2] Framework: Creating symlinks...\"\n#--------------------------------------------------------------------\nln -s ${FRAMEWORK_VERSION} ${FRAMEWORK_DIR}/Versions/Current\nln -s Versions/Current/Headers ${FRAMEWORK_DIR}/Headers\nln -s Versions/Current/Resources ${FRAMEWORK_DIR}/Resources\nln -s Versions/Current/${FRAMEWORK_NAME} ${FRAMEWORK_DIR}/${FRAMEWORK_NAME}\n\n#--------------------------------------------------------------------\necho \"[3] Framework: Creating library...\"\n#--------------------------------------------------------------------\nlipo -create \\\nDerivedData/${BUILD_TARGET_NAME}/Build/Products/${BUILD_STYLE}-iphoneos/lib${FRAMEWORK_NAME}.a \\\n-o \"${FRAMEWORK_DIR}/Versions/Current/${FRAMEWORK_NAME}\"\n#build/${BUILD_STYLE}-iphonesimulator/lib${FRAMEWORK_NAME}.a \\\n\n#--------------------------------------------------------------------\necho \"[4] Framework: Copying assets into current version...\"\n#--------------------------------------------------------------------\ncp Classes/*.h ${FRAMEWORK_DIR}/Headers/\ncp Info.plist ${FRAMEWORK_DIR}/Resources/           \n#--------------------------------------------------------------------\necho \"[6] Framework: Packaging framework...\"\n#--------------------------------------------------------------------\n#cd ${FRAMEWORK_BUILD_PATH}\n#zip -ry ${PACKAGENAME} $(basename $FRAMEWORK_DIR)\n";
		};
/* End PBXShellScriptBuildPhase section */

/* Begin PBXSourcesBuildPhase section */
		EB72C65E13694CB30044490D /* Sources */ = {
			isa = PBXSourcesBuildPhase;
			buildActionMask = 2147483647;
			files = (
				EB72C6A113694E110044490D /* Makefile in Sources */,
				EB72C6A213694E110044490D /* serial.c in Sources */,
				EB1017AC13B1CF4E00BB1129 /* SerialCommunication.m in Sources */,
			);
			runOnlyForDeploymentPostprocessing = 0;
		};
/* End PBXSourcesBuildPhase section */

/* Begin XCBuildConfiguration section */
		EB72C68313694CB30044490D /* Debug */ = {
			isa = XCBuildConfiguration;
			buildSettings = {
				ARCHS = "$(ARCHS_STANDARD_32_BIT)";
				GCC_C_LANGUAGE_STANDARD = gnu99;
				GCC_OPTIMIZATION_LEVEL = 0;
				GCC_PREPROCESSOR_DEFINITIONS = DEBUG;
				GCC_SYMBOLS_PRIVATE_EXTERN = NO;
				GCC_VERSION = com.apple.compilers.llvmgcc42;
				GCC_WARN_ABOUT_RETURN_TYPE = YES;
				GCC_WARN_UNUSED_VARIABLE = YES;
				IPHONEOS_DEPLOYMENT_TARGET = 4.3;
				SDKROOT = iphoneos;
			};
			name = Debug;
		};
		EB72C68413694CB30044490D /* Release */ = {
			isa = XCBuildConfiguration;
			buildSettings = {
				ARCHS = "$(ARCHS_STANDARD_32_BIT)";
				GCC_C_LANGUAGE_STANDARD = gnu99;
				GCC_VERSION = com.apple.compilers.llvmgcc42;
				GCC_WARN_ABOUT_RETURN_TYPE = YES;
				GCC_WARN_UNUSED_VARIABLE = YES;
				IPHONEOS_DEPLOYMENT_TARGET = 4.3;
				SDKROOT = iphoneos;
			};
			name = Release;
		};
		EB72C68613694CB30044490D /* Debug */ = {
			isa = XCBuildConfiguration;
			buildSettings = {
				ALWAYS_SEARCH_USER_PATHS = NO;
				DSTROOT = /tmp/serialInput.dst;
				GCC_PRECOMPILE_PREFIX_HEADER = YES;
				GCC_PREFIX_HEADER = "serialCommunication-Prefix.pch";
				OTHER_LDFLAGS = "-ObjC";
				PRODUCT_NAME = serialCommunication;
			};
			name = Debug;
		};
		EB72C68713694CB30044490D /* Release */ = {
			isa = XCBuildConfiguration;
			buildSettings = {
				ALWAYS_SEARCH_USER_PATHS = NO;
				DSTROOT = /tmp/serialInput.dst;
				GCC_PRECOMPILE_PREFIX_HEADER = YES;
				GCC_PREFIX_HEADER = "serialCommunication-Prefix.pch";
				OTHER_LDFLAGS = "-ObjC";
				PRODUCT_NAME = serialCommunication;
			};
			name = Release;
		};
/* End XCBuildConfiguration section */

/* Begin XCConfigurationList section */
		EB72C65C13694CB20044490D /* Build configuration list for PBXProject "serialCommunication" */ = {
			isa = XCConfigurationList;
			buildConfigurations = (
				EB72C68313694CB30044490D /* Debug */,
				EB72C68413694CB30044490D /* Release */,
			);
			defaultConfigurationIsVisible = 0;
			defaultConfigurationName = Release;
		};
		EB72C68513694CB30044490D /* Build configuration list for PBXNativeTarget "serialCommunication" */ = {
			isa = XCConfigurationList;
			buildConfigurations = (
				EB72C68613694CB30044490D /* Debug */,
				EB72C68713694CB30044490D /* Release */,
			);
			defaultConfigurationIsVisible = 0;
			defaultConfigurationName = Release;
		};
/* End XCConfigurationList section */
	};
	rootObject = EB72C65913694CB20044490D /* Project object */;
}
